{
  "name": "server",
  "version": "1.0.0",
  "lockfileVersion": 3,
  "requires": true,
  "packages": {
    "": {
      "name": "server",
      "version": "1.0.0",
      "license": "ISC",
      "devDependencies": {
        "js-combinatorics": "^2.1.2"
      }
    },
    "node_modules/js-combinatorics": {
      "version": "2.1.2",
      "resolved": "https://registry.npmjs.org/js-combinatorics/-/js-combinatorics-2.1.2.tgz",
      "integrity": "sha512-/1AY2bYwxajoaKjPzvgQ80U7lcucU71ubzFPVgZGmzbDGn3R18ZQUZfD69+4Idg4JfNcq6trwD6I+dRfVnr/tg==",
      "dev": true
    }
  }
}
